
Microsoft Visual Studio Solution File, Format Version 12.00
# Visual Studio Version 17
VisualStudioVersion = 17.14.36212.18
MinimumVisualStudioVersion = 10.0.40219.1
Project("{8BC9CEB8-8B4A-11D0-8D11-00A0C91BC942}") = "SapphireHookDLL", "SapphireHookDLL.vcxproj", "{386F28A7-F0FC-9A17-E38B-A32BE480F2BD}"
EndProject
Project("{2150E333-8FDC-42A3-9474-1A3956D46DE8}") = "Solution Items", "Solution Items", "{8EC462FD-D22E-90A8-E5CE-7E832BA40C5D}"
EndProject
Project("{8BC9CEB8-8B4A-11D0-8D11-00A0C91BC942}") = "SapphireHookInjector", "SapphireHookInjector\SapphireHookInjector.vcxproj", "{F15D9F99-E492-44BC-A293-2DE22061909F}"
EndProject
Project("{FAE04EC0-301F-11D3-BF4B-00C04F79EFBC}") = "Dalamud", "..\Dalamud\Dalamud\Dalamud.csproj", "{7C028155-3264-A4D6-659C-FE1FEA3F88E6}"
EndProject
Project("{8BC9CEB8-8B4A-11D0-8D11-00A0C91BC942}") = "Dalamud.Boot", "..\Dalamud\Dalamud.Boot\Dalamud.Boot.vcxproj", "{55198DC3-A03D-408E-A8EB-2077780C8576}"
EndProject
Project("{FAE04EC0-301F-11D3-BF4B-00C04F79EFBC}") = "Dalamud.Injector", "..\Dalamud\Dalamud.Injector\Dalamud.Injector.csproj", "{1BC52734-C8A2-DE05-0BD2-8826F17A4542}"
EndProject
Project("{8BC9CEB8-8B4A-11D0-8D11-00A0C91BC942}") = "Dalamud.Injector.Boot", "..\Dalamud\Dalamud.Injector.Boot\Dalamud.Injector.Boot.vcxproj", "{8874326B-E755-4D13-90B4-59AB263A3E6B}"
EndProject
Global
	GlobalSection(SolutionConfigurationPlatforms) = preSolution
		Debug|x64 = Debug|x64
		Release|x64 = Release|x64
	EndGlobalSection
	GlobalSection(ProjectConfigurationPlatforms) = postSolution
		{386F28A7-F0FC-9A17-E38B-A32BE480F2BD}.Debug|x64.ActiveCfg = Debug|x64
		{386F28A7-F0FC-9A17-E38B-A32BE480F2BD}.Debug|x64.Build.0 = Debug|x64
		{386F28A7-F0FC-9A17-E38B-A32BE480F2BD}.Release|x64.ActiveCfg = Release|x64
		{386F28A7-F0FC-9A17-E38B-A32BE480F2BD}.Release|x64.Build.0 = Release|x64
		{F15D9F99-E492-44BC-A293-2DE22061909F}.Debug|x64.ActiveCfg = Debug|x64
		{F15D9F99-E492-44BC-A293-2DE22061909F}.Debug|x64.Build.0 = Debug|x64
		{F15D9F99-E492-44BC-A293-2DE22061909F}.Release|x64.ActiveCfg = Release|x64
		{F15D9F99-E492-44BC-A293-2DE22061909F}.Release|x64.Build.0 = Release|x64
		{7C028155-3264-A4D6-659C-FE1FEA3F88E6}.Debug|x64.ActiveCfg = Debug|x64
		{7C028155-3264-A4D6-659C-FE1FEA3F88E6}.Release|x64.ActiveCfg = Release|x64
		{55198DC3-A03D-408E-A8EB-2077780C8576}.Debug|x64.ActiveCfg = Debug|x64
		{55198DC3-A03D-408E-A8EB-2077780C8576}.Release|x64.ActiveCfg = Release|x64
		{1BC52734-C8A2-DE05-0BD2-8826F17A4542}.Debug|x64.ActiveCfg = Debug|x64
		{1BC52734-C8A2-DE05-0BD2-8826F17A4542}.Release|x64.ActiveCfg = Release|x64
		{8874326B-E755-4D13-90B4-59AB263A3E6B}.Debug|x64.ActiveCfg = Debug|x64
		{8874326B-E755-4D13-90B4-59AB263A3E6B}.Release|x64.ActiveCfg = Release|x64
	EndGlobalSection
	GlobalSection(SolutionProperties) = preSolution
		HideSolutionNode = FALSE
	EndGlobalSection
	GlobalSection(ExtensibilityGlobals) = postSolution
		SolutionGuid = {15382AED-428B-481F-9C15-35FAACE3BF87}
	EndGlobalSection
EndGlobal
